
Microsoft Visual Studio Solution File, Format Version 12.00
# Visual Studio Version 16
VisualStudioVersion = 16.0.29318.209
MinimumVisualStudioVersion = 10.0.40219.1
Project("{9A19103F-16F7-4668-BE54-9A1E7A4F7556}") = "TestAspNetCore", "TestAspNetCore\TestAspNetCore.csproj", "{A4B12B93-7C51-428A-A4CC-B0EC50CE78A2}"
EndProject
Project("{9A19103F-16F7-4668-BE54-9A1E7A4F7556}") = "AspNetCoreMini", "AspNetCoreMini\AspNetCoreMini.csproj", "{AD5688C1-C29B-47E7-A51F-2A6724468848}"
EndProject
Global
	GlobalSection(SolutionConfigurationPlatforms) = preSolution
		Debug|Any CPU = Debug|Any CPU
		Release|Any CPU = Release|Any CPU
	EndGlobalSection
	GlobalSection(ProjectConfigurationPlatforms) = postSolution
		{A4B12B93-7C51-428A-A4CC-B0EC50CE78A2}.Debug|Any CPU.ActiveCfg = Debug|Any CPU
		{A4B12B93-7C51-428A-A4CC-B0EC50CE78A2}.Debug|Any CPU.Build.0 = Debug|Any CPU
		{A4B12B93-7C51-428A-A4CC-B0EC50CE78A2}.Release|Any CPU.ActiveCfg = Release|Any CPU
		{A4B12B93-7C51-428A-A4CC-B0EC50CE78A2}.Release|Any CPU.Build.0 = Release|Any CPU
		{AD5688C1-C29B-47E7-A51F-2A6724468848}.Debug|Any CPU.ActiveCfg = Debug|Any CPU
		{AD5688C1-C29B-47E7-A51F-2A6724468848}.Debug|Any CPU.Build.0 = Debug|Any CPU
		{AD5688C1-C29B-47E7-A51F-2A6724468848}.Release|Any CPU.ActiveCfg = Release|Any CPU
		{AD5688C1-C29B-47E7-A51F-2A6724468848}.Release|Any CPU.Build.0 = Release|Any CPU
	EndGlobalSection
	GlobalSection(SolutionProperties) = preSolution
		HideSolutionNode = FALSE
	EndGlobalSection
	GlobalSection(ExtensibilityGlobals) = postSolution
		SolutionGuid = {23F88A06-BEC2-41B3-AC57-B04E6949990D}
	EndGlobalSection
EndGlobal
